
Microsoft Visual Studio Solution File, Format Version 12.00
# Visual Studio Version 16
VisualStudioVersion = 16.0.34031.81
MinimumVisualStudioVersion = 10.0.40219.1
Project("{2150E333-8FDC-42A3-9474-1A3956D46DE8}") = "Task0", "Task0", "{2DE73580-D306-45BD-92E2-4CC9F03CECAD}"
EndProject
Project("{FAE04EC0-301F-11D3-BF4B-00C04F79EFBC}") = "Tyuiu.UsoltsevAD.Sprint0.Task0.V0", "Tyuiu.UsoltsevAD.Sprint0.Task0.V0\Tyuiu.UsoltsevAD.Sprint0.Task0.V0.csproj", "{BBA72C68-F372-4423-B78D-B7233A76454C}"
EndProject
Project("{2150E333-8FDC-42A3-9474-1A3956D46DE8}") = "Task1", "Task1", "{076D4585-C8D9-4EAC-845D-24BA9A253EC2}"
EndProject
Project("{FAE04EC0-301F-11D3-BF4B-00C04F79EFBC}") = "Tyuiu.UsoltsevAD.Sprint0.Task1.V0", "Tyuiu.UsoltsevAD.Sprint0.Task1.V0\Tyuiu.UsoltsevAD.Sprint0.Task1.V0.csproj", "{C45F4BF5-86E4-4A2B-80C6-CCB030812D0C}"
EndProject
Project("{2150E333-8FDC-42A3-9474-1A3956D46DE8}") = "Task2", "Task2", "{FA3DA36D-6355-461D-A253-6B0AFE6A5F3B}"
EndProject
Project("{FAE04EC0-301F-11D3-BF4B-00C04F79EFBC}") = "Tyuiu.UsoltsevAD.Sprint0.Task2.V0", "Tyuiu.UsoltsevAD.Sprint0.Task2.V0\Tyuiu.UsoltsevAD.Sprint0.Task2.V0.csproj", "{2D3DF456-351B-4EEC-8AC8-F4707AE44D14}"
EndProject
Project("{FAE04EC0-301F-11D3-BF4B-00C04F79EFBC}") = "Tyuiu.UsoltsevAD.Sprint0.Task2.V0.Lib", "Tyuiu.UsoltsevAD.Sprint0.Task2.V0.Lib\Tyuiu.UsoltsevAD.Sprint0.Task2.V0.Lib.csproj", "{A33E9DA1-C92B-44BE-97D9-B5F6F5E87DA9}"
EndProject
Project("{FAE04EC0-301F-11D3-BF4B-00C04F79EFBC}") = "Tyuiu.UsoltsevAD.Sprint0.Task2.V0.Test", "Tyuiu.UsoltsevAD.Sprint0.Task2.V0.Test\Tyuiu.UsoltsevAD.Sprint0.Task2.V0.Test.csproj", "{A1EDE7B0-54F7-4A36-B10B-589448109428}"
EndProject
Global
	GlobalSection(SolutionConfigurationPlatforms) = preSolution
		Debug|Any CPU = Debug|Any CPU
		Release|Any CPU = Release|Any CPU
	EndGlobalSection
	GlobalSection(ProjectConfigurationPlatforms) = postSolution
		{BBA72C68-F372-4423-B78D-B7233A76454C}.Debug|Any CPU.ActiveCfg = Debug|Any CPU
		{BBA72C68-F372-4423-B78D-B7233A76454C}.Debug|Any CPU.Build.0 = Debug|Any CPU
		{BBA72C68-F372-4423-B78D-B7233A76454C}.Release|Any CPU.ActiveCfg = Release|Any CPU
		{BBA72C68-F372-4423-B78D-B7233A76454C}.Release|Any CPU.Build.0 = Release|Any CPU
		{C45F4BF5-86E4-4A2B-80C6-CCB030812D0C}.Debug|Any CPU.ActiveCfg = Debug|Any CPU
		{C45F4BF5-86E4-4A2B-80C6-CCB030812D0C}.Debug|Any CPU.Build.0 = Debug|Any CPU
		{C45F4BF5-86E4-4A2B-80C6-CCB030812D0C}.Release|Any CPU.ActiveCfg = Release|Any CPU
		{C45F4BF5-86E4-4A2B-80C6-CCB030812D0C}.Release|Any CPU.Build.0 = Release|Any CPU
		{2D3DF456-351B-4EEC-8AC8-F4707AE44D14}.Debug|Any CPU.ActiveCfg = Debug|Any CPU
		{2D3DF456-351B-4EEC-8AC8-F4707AE44D14}.Debug|Any CPU.Build.0 = Debug|Any CPU
		{2D3DF456-351B-4EEC-8AC8-F4707AE44D14}.Release|Any CPU.ActiveCfg = Release|Any CPU
		{2D3DF456-351B-4EEC-8AC8-F4707AE44D14}.Release|Any CPU.Build.0 = Release|Any CPU
		{A33E9DA1-C92B-44BE-97D9-B5F6F5E87DA9}.Debug|Any CPU.ActiveCfg = Debug|Any CPU
		{A33E9DA1-C92B-44BE-97D9-B5F6F5E87DA9}.Debug|Any CPU.Build.0 = Debug|Any CPU
		{A33E9DA1-C92B-44BE-97D9-B5F6F5E87DA9}.Release|Any CPU.ActiveCfg = Release|Any CPU
		{A33E9DA1-C92B-44BE-97D9-B5F6F5E87DA9}.Release|Any CPU.Build.0 = Release|Any CPU
		{A1EDE7B0-54F7-4A36-B10B-589448109428}.Debug|Any CPU.ActiveCfg = Debug|Any CPU
		{A1EDE7B0-54F7-4A36-B10B-589448109428}.Debug|Any CPU.Build.0 = Debug|Any CPU
		{A1EDE7B0-54F7-4A36-B10B-589448109428}.Release|Any CPU.ActiveCfg = Release|Any CPU
		{A1EDE7B0-54F7-4A36-B10B-589448109428}.Release|Any CPU.Build.0 = Release|Any CPU
	EndGlobalSection
	GlobalSection(SolutionProperties) = preSolution
		HideSolutionNode = FALSE
	EndGlobalSection
	GlobalSection(NestedProjects) = preSolution
		{BBA72C68-F372-4423-B78D-B7233A76454C} = {2DE73580-D306-45BD-92E2-4CC9F03CECAD}
		{C45F4BF5-86E4-4A2B-80C6-CCB030812D0C} = {076D4585-C8D9-4EAC-845D-24BA9A253EC2}
		{2D3DF456-351B-4EEC-8AC8-F4707AE44D14} = {FA3DA36D-6355-461D-A253-6B0AFE6A5F3B}
		{A33E9DA1-C92B-44BE-97D9-B5F6F5E87DA9} = {FA3DA36D-6355-461D-A253-6B0AFE6A5F3B}
		{A1EDE7B0-54F7-4A36-B10B-589448109428} = {FA3DA36D-6355-461D-A253-6B0AFE6A5F3B}
	EndGlobalSection
	GlobalSection(ExtensibilityGlobals) = postSolution
		SolutionGuid = {9E156E76-10BC-409A-BAC1-7FF0B42481ED}
	EndGlobalSection
EndGlobal
